
Microsoft Visual Studio Solution File, Format Version 12.00
# Visual Studio Version 17
VisualStudioVersion = 17.9.34728.123
MinimumVisualStudioVersion = 10.0.40219.1
Project("{FAE04EC0-301F-11D3-BF4B-00C04F79EFBC}") = "atm", "atm\atm.csproj", "{2B93BB30-4D8B-4444-9EFD-4D69DDF3D7D6}"
EndProject
Global
	GlobalSection(SolutionConfigurationPlatforms) = preSolution
		Debug|Any CPU = Debug|Any CPU
		Release|Any CPU = Release|Any CPU
	EndGlobalSection
	GlobalSection(ProjectConfigurationPlatforms) = postSolution
		{2B93BB30-4D8B-4444-9EFD-4D69DDF3D7D6}.Debug|Any CPU.ActiveCfg = Debug|Any CPU
		{2B93BB30-4D8B-4444-9EFD-4D69DDF3D7D6}.Debug|Any CPU.Build.0 = Debug|Any CPU
		{2B93BB30-4D8B-4444-9EFD-4D69DDF3D7D6}.Release|Any CPU.ActiveCfg = Release|Any CPU
		{2B93BB30-4D8B-4444-9EFD-4D69DDF3D7D6}.Release|Any CPU.Build.0 = Release|Any CPU
	EndGlobalSection
	GlobalSection(SolutionProperties) = preSolution
		HideSolutionNode = FALSE
	EndGlobalSection
	GlobalSection(ExtensibilityGlobals) = postSolution
		SolutionGuid = {BBE9A4A6-94DE-4FED-9287-ADE1E38B465E}
	EndGlobalSection
EndGlobal
